
Microsoft Visual Studio Solution File, Format Version 12.00
# Visual Studio 15
Project("{FAE04EC0-301F-11D3-BF4B-00C04F79EFBC}") = "JoshHarmon.Site", "JoshHarmon.Site\JoshHarmon.Site.csproj", "{2C05B084-8F2F-4093-8780-4BA11B444635}"
EndProject
Project("{FAE04EC0-301F-11D3-BF4B-00C04F79EFBC}") = "JoshHarmon.ContentService", "JoshHarmon.ContentService\JoshHarmon.ContentService.csproj", "{FA1F1603-2401-4E87-A0AB-DE8505D3B153}"
EndProject
Global
	GlobalSection(SolutionConfigurationPlatforms) = preSolution
		Debug|Any CPU = Debug|Any CPU
		Release|Any CPU = Release|Any CPU
	EndGlobalSection
	GlobalSection(ProjectConfigurationPlatforms) = postSolution
		{2C05B084-8F2F-4093-8780-4BA11B444635}.Debug|Any CPU.ActiveCfg = Debug|Any CPU
		{2C05B084-8F2F-4093-8780-4BA11B444635}.Debug|Any CPU.Build.0 = Debug|Any CPU
		{2C05B084-8F2F-4093-8780-4BA11B444635}.Release|Any CPU.ActiveCfg = Release|Any CPU
		{2C05B084-8F2F-4093-8780-4BA11B444635}.Release|Any CPU.Build.0 = Release|Any CPU
		{FA1F1603-2401-4E87-A0AB-DE8505D3B153}.Debug|Any CPU.ActiveCfg = Debug|Any CPU
		{FA1F1603-2401-4E87-A0AB-DE8505D3B153}.Debug|Any CPU.Build.0 = Debug|Any CPU
		{FA1F1603-2401-4E87-A0AB-DE8505D3B153}.Release|Any CPU.ActiveCfg = Release|Any CPU
		{FA1F1603-2401-4E87-A0AB-DE8505D3B153}.Release|Any CPU.Build.0 = Release|Any CPU
	EndGlobalSection
EndGlobal
