
Microsoft Visual Studio Solution File, Format Version 12.00
# Visual Studio 15
Project("{FAE04EC0-301F-11D3-BF4B-00C04F79EFBC}") = "JoshHarmon.Site", "JoshHarmon.Site\JoshHarmon.Site.csproj", "{395576D9-DC57-4F68-96D9-56866B5508CB}"
EndProject
Global
	GlobalSection(SolutionConfigurationPlatforms) = preSolution
		Debug|Any CPU = Debug|Any CPU
		Release|Any CPU = Release|Any CPU
	EndGlobalSection
	GlobalSection(ProjectConfigurationPlatforms) = postSolution
		{395576D9-DC57-4F68-96D9-56866B5508CB}.Debug|Any CPU.ActiveCfg = Debug|Any CPU
		{395576D9-DC57-4F68-96D9-56866B5508CB}.Debug|Any CPU.Build.0 = Debug|Any CPU
		{395576D9-DC57-4F68-96D9-56866B5508CB}.Release|Any CPU.ActiveCfg = Release|Any CPU
		{395576D9-DC57-4F68-96D9-56866B5508CB}.Release|Any CPU.Build.0 = Release|Any CPU
	EndGlobalSection
EndGlobal
